{
  "name": "moduloteste",
  "version": "1.0.0",
  "lockfileVersion": 3,
  "requires": true,
  "packages": {
    "": {
      "name": "moduloteste",
      "version": "1.0.0",
      "license": "ISC",
      "dependencies": {
        "moduloclasses": "file:../moduloClasses"
      }
    },
    "../moduloClasses": {
      "name": "moduloclasses",
      "version": "1.0.0",
      "license": "ISC"
    },
    "node_modules/moduloclasses": {
      "resolved": "../moduloClasses",
      "link": true
    }
  }
}
